
Microsoft Visual Studio Solution File, Format Version 12.00
# Visual Studio Version 16
VisualStudioVersion = 16.0.32126.315
MinimumVisualStudioVersion = 10.0.40219.1
Project("{FAE04EC0-301F-11D3-BF4B-00C04F79EFBC}") = "ProWPFinCSharp", "ProWPFinCSharp\ProWPFinCSharp.csproj", "{ECCACFF9-BC3E-42CD-86CA-9AD5A75DC7BD}"
EndProject
Project("{FAE04EC0-301F-11D3-BF4B-00C04F79EFBC}") = "Chapter3_Layout", "Chapter3_Layout\Chapter3_Layout.csproj", "{3DB2CFBA-CBC8-4A61-AFF6-5BEB0E2424C2}"
EndProject
Project("{FAE04EC0-301F-11D3-BF4B-00C04F79EFBC}") = "Chapter4_DependencyProperties", "Chapter4_DependencyProperties\Chapter4_DependencyProperties.csproj", "{A9B12798-FDE0-4AE4-BD34-EC834D7DFBEB}"
EndProject
Project("{FAE04EC0-301F-11D3-BF4B-00C04F79EFBC}") = "Chapter5_RoutedEvents", "Chapter5_RoutedEvents\Chapter5_RoutedEvents.csproj", "{0388E123-7F48-4F7F-9744-5FE1BFE8A0C1}"
EndProject
Project("{FAE04EC0-301F-11D3-BF4B-00C04F79EFBC}") = "Chapter8_ElementBinding", "Chapter8_ElementBinding\Chapter8_ElementBinding.csproj", "{A40F7C54-6040-4613-9BEF-5682C2CE69D5}"
EndProject
Global
	GlobalSection(SolutionConfigurationPlatforms) = preSolution
		Debug|Any CPU = Debug|Any CPU
		Release|Any CPU = Release|Any CPU
	EndGlobalSection
	GlobalSection(ProjectConfigurationPlatforms) = postSolution
		{ECCACFF9-BC3E-42CD-86CA-9AD5A75DC7BD}.Debug|Any CPU.ActiveCfg = Debug|Any CPU
		{ECCACFF9-BC3E-42CD-86CA-9AD5A75DC7BD}.Debug|Any CPU.Build.0 = Debug|Any CPU
		{ECCACFF9-BC3E-42CD-86CA-9AD5A75DC7BD}.Release|Any CPU.ActiveCfg = Release|Any CPU
		{ECCACFF9-BC3E-42CD-86CA-9AD5A75DC7BD}.Release|Any CPU.Build.0 = Release|Any CPU
		{3DB2CFBA-CBC8-4A61-AFF6-5BEB0E2424C2}.Debug|Any CPU.ActiveCfg = Debug|Any CPU
		{3DB2CFBA-CBC8-4A61-AFF6-5BEB0E2424C2}.Debug|Any CPU.Build.0 = Debug|Any CPU
		{3DB2CFBA-CBC8-4A61-AFF6-5BEB0E2424C2}.Release|Any CPU.ActiveCfg = Release|Any CPU
		{3DB2CFBA-CBC8-4A61-AFF6-5BEB0E2424C2}.Release|Any CPU.Build.0 = Release|Any CPU
		{A9B12798-FDE0-4AE4-BD34-EC834D7DFBEB}.Debug|Any CPU.ActiveCfg = Debug|Any CPU
		{A9B12798-FDE0-4AE4-BD34-EC834D7DFBEB}.Debug|Any CPU.Build.0 = Debug|Any CPU
		{A9B12798-FDE0-4AE4-BD34-EC834D7DFBEB}.Release|Any CPU.ActiveCfg = Release|Any CPU
		{A9B12798-FDE0-4AE4-BD34-EC834D7DFBEB}.Release|Any CPU.Build.0 = Release|Any CPU
		{0388E123-7F48-4F7F-9744-5FE1BFE8A0C1}.Debug|Any CPU.ActiveCfg = Debug|Any CPU
		{0388E123-7F48-4F7F-9744-5FE1BFE8A0C1}.Debug|Any CPU.Build.0 = Debug|Any CPU
		{0388E123-7F48-4F7F-9744-5FE1BFE8A0C1}.Release|Any CPU.ActiveCfg = Release|Any CPU
		{0388E123-7F48-4F7F-9744-5FE1BFE8A0C1}.Release|Any CPU.Build.0 = Release|Any CPU
		{A40F7C54-6040-4613-9BEF-5682C2CE69D5}.Debug|Any CPU.ActiveCfg = Debug|Any CPU
		{A40F7C54-6040-4613-9BEF-5682C2CE69D5}.Debug|Any CPU.Build.0 = Debug|Any CPU
		{A40F7C54-6040-4613-9BEF-5682C2CE69D5}.Release|Any CPU.ActiveCfg = Release|Any CPU
		{A40F7C54-6040-4613-9BEF-5682C2CE69D5}.Release|Any CPU.Build.0 = Release|Any CPU
	EndGlobalSection
	GlobalSection(SolutionProperties) = preSolution
		HideSolutionNode = FALSE
	EndGlobalSection
	GlobalSection(ExtensibilityGlobals) = postSolution
		SolutionGuid = {0C42699F-4BD7-4238-ADEC-3E2A4D6D66F2}
	EndGlobalSection
EndGlobal
